// !$*UTF8*$!
{
	archiveVersion = 1;
	classes = {
	};
	objectVersion = 46;
	objects = {

/* Begin PBXBuildFile section */
		1C4F90DC1F2214BB00B141E4 /* AppDelegate.swift in Sources */ = {isa = PBXBuildFile; fileRef = 1C4F90DB1F2214BB00B141E4 /* AppDelegate.swift */; };
		1C4F90E11F2214BB00B141E4 /* Main.storyboard in Resources */ = {isa = PBXBuildFile; fileRef = 1C4F90DF1F2214BB00B141E4 /* Main.storyboard */; };
		1C4F90E31F2214BB00B141E4 /* Assets.xcassets in Resources */ = {isa = PBXBuildFile; fileRef = 1C4F90E21F2214BB00B141E4 /* Assets.xcassets */; };
		1CD9EF581F223BC800DE901B /* Home.storyboard in Resources */ = {isa = PBXBuildFile; fileRef = 1CD9EF561F223BC800DE901B /* Home.storyboard */; };
		1CD9EF5B1F223BDB00DE901B /* Live.storyboard in Resources */ = {isa = PBXBuildFile; fileRef = 1CD9EF591F223BDB00DE901B /* Live.storyboard */; };
		1CD9EF5E1F223C8200DE901B /* Follow.storyboard in Resources */ = {isa = PBXBuildFile; fileRef = 1CD9EF5C1F223C8200DE901B /* Follow.storyboard */; };
		1CD9EF611F223C9F00DE901B /* Discovery.storyboard in Resources */ = {isa = PBXBuildFile; fileRef = 1CD9EF5F1F223C9F00DE901B /* Discovery.storyboard */; };
		1CD9EF641F223CCA00DE901B /* Profile.storyboard in Resources */ = {isa = PBXBuildFile; fileRef = 1CD9EF621F223CCA00DE901B /* Profile.storyboard */; };
		1CD9EF7A1F22426E00DE901B /* MainTabbarViewController.swift in Sources */ = {isa = PBXBuildFile; fileRef = 1CD9EF771F22426E00DE901B /* MainTabbarViewController.swift */; };
		1CD9EF7C1F2243BD00DE901B /* HomeViewController.swift in Sources */ = {isa = PBXBuildFile; fileRef = 1CD9EF7B1F2243BD00DE901B /* HomeViewController.swift */; };
		1CD9EF801F22495000DE901B /* UIBarButtonItem-Extexsion.swift in Sources */ = {isa = PBXBuildFile; fileRef = 1CD9EF7F1F22495000DE901B /* UIBarButtonItem-Extexsion.swift */; };
/* End PBXBuildFile section */

/* Begin PBXFileReference section */
		1C4F90D81F2214BB00B141E4 /* DouYuLive.app */ = {isa = PBXFileReference; explicitFileType = wrapper.application; includeInIndex = 0; path = DouYuLive.app; sourceTree = BUILT_PRODUCTS_DIR; };
		1C4F90DB1F2214BB00B141E4 /* AppDelegate.swift */ = {isa = PBXFileReference; lastKnownFileType = sourcecode.swift; path = AppDelegate.swift; sourceTree = "<group>"; };
		1C4F90E01F2214BB00B141E4 /* Base */ = {isa = PBXFileReference; lastKnownFileType = file.storyboard; name = Base; path = Base.lproj/Main.storyboard; sourceTree = "<group>"; };
		1C4F90E21F2214BB00B141E4 /* Assets.xcassets */ = {isa = PBXFileReference; lastKnownFileType = folder.assetcatalog; path = Assets.xcassets; sourceTree = "<group>"; };
		1C4F90E71F2214BB00B141E4 /* Info.plist */ = {isa = PBXFileReference; lastKnownFileType = text.plist.xml; path = Info.plist; sourceTree = "<group>"; };
		1CD9EF571F223BC800DE901B /* Base */ = {isa = PBXFileReference; lastKnownFileType = file.storyboard; name = Base; path = DouYuLive/Base.lproj/Home.storyboard; sourceTree = SOURCE_ROOT; };
		1CD9EF5A1F223BDB00DE901B /* Base */ = {isa = PBXFileReference; lastKnownFileType = file.storyboard; name = Base; path = DouYuLive/Base.lproj/Live.storyboard; sourceTree = SOURCE_ROOT; };
		1CD9EF5D1F223C8200DE901B /* Base */ = {isa = PBXFileReference; lastKnownFileType = file.storyboard; name = Base; path = DouYuLive/Base.lproj/Follow.storyboard; sourceTree = SOURCE_ROOT; };
		1CD9EF601F223C9F00DE901B /* Base */ = {isa = PBXFileReference; lastKnownFileType = file.storyboard; name = Base; path = DouYuLive/Base.lproj/Discovery.storyboard; sourceTree = SOURCE_ROOT; };
		1CD9EF631F223CCA00DE901B /* Base */ = {isa = PBXFileReference; lastKnownFileType = file.storyboard; name = Base; path = DouYuLive/Base.lproj/Profile.storyboard; sourceTree = SOURCE_ROOT; };
		1CD9EF771F22426E00DE901B /* MainTabbarViewController.swift */ = {isa = PBXFileReference; fileEncoding = 4; lastKnownFileType = sourcecode.swift; path = MainTabbarViewController.swift; sourceTree = "<group>"; };
		1CD9EF7B1F2243BD00DE901B /* HomeViewController.swift */ = {isa = PBXFileReference; fileEncoding = 4; lastKnownFileType = sourcecode.swift; path = HomeViewController.swift; sourceTree = "<group>"; };
		1CD9EF7F1F22495000DE901B /* UIBarButtonItem-Extexsion.swift */ = {isa = PBXFileReference; fileEncoding = 4; lastKnownFileType = sourcecode.swift; path = "UIBarButtonItem-Extexsion.swift"; sourceTree = "<group>"; };
/* End PBXFileReference section */

/* Begin PBXFrameworksBuildPhase section */
		1C4F90D51F2214BB00B141E4 /* Frameworks */ = {
			isa = PBXFrameworksBuildPhase;
			buildActionMask = 2147483647;
			files = (
			);
			runOnlyForDeploymentPostprocessing = 0;
		};
/* End PBXFrameworksBuildPhase section */

/* Begin PBXGroup section */
		1C4F90CF1F2214BB00B141E4 = {
			isa = PBXGroup;
			children = (
				1C4F90DA1F2214BB00B141E4 /* DouYuLive */,
				1C4F90D91F2214BB00B141E4 /* Products */,
			);
			sourceTree = "<group>";
		};
		1C4F90D91F2214BB00B141E4 /* Products */ = {
			isa = PBXGroup;
			children = (
				1C4F90D81F2214BB00B141E4 /* DouYuLive.app */,
			);
			name = Products;
			sourceTree = "<group>";
		};
		1C4F90DA1F2214BB00B141E4 /* DouYuLive */ = {
			isa = PBXGroup;
			children = (
				1C4F90ED1F22162400B141E4 /* Classes */,
				1C4F90DB1F2214BB00B141E4 /* AppDelegate.swift */,
				1C4F90E21F2214BB00B141E4 /* Assets.xcassets */,
				1C4F90E71F2214BB00B141E4 /* Info.plist */,
			);
			path = DouYuLive;
			sourceTree = "<group>";
		};
		1C4F90ED1F22162400B141E4 /* Classes */ = {
			isa = PBXGroup;
			children = (
				1C4F90F11F22162400B141E4 /* Main */,
				1C4F90EF1F22162400B141E4 /* Home */,
				1C4F90F01F22162400B141E4 /* Live */,
				1C4F90EE1F22162400B141E4 /* Follow */,
				1CD9EF481F22357100DE901B /* Discovery */,
				1C4F90F21F22162400B141E4 /* Profile */,
				1C4F90F31F22162400B141E4 /* Tools */,
			);
			path = Classes;
			sourceTree = "<group>";
		};
		1C4F90EE1F22162400B141E4 /* Follow */ = {
			isa = PBXGroup;
			children = (
				1CD9EF6C1F223E8E00DE901B /* Model */,
				1CD9EF6D1F223E8E00DE901B /* View */,
				1CD9EF6B1F223E8E00DE901B /* Controller */,
			);
			path = Follow;
			sourceTree = "<group>";
		};
		1C4F90EF1F22162400B141E4 /* Home */ = {
			isa = PBXGroup;
			children = (
				1CD9EF661F223E8100DE901B /* Model */,
				1CD9EF671F223E8100DE901B /* View */,
				1CD9EF651F223E8100DE901B /* Controller */,
			);
			path = Home;
			sourceTree = "<group>";
		};
		1C4F90F01F22162400B141E4 /* Live */ = {
			isa = PBXGroup;
			children = (
				1CD9EF691F223E8800DE901B /* Model */,
				1CD9EF6A1F223E8800DE901B /* View */,
				1CD9EF681F223E8800DE901B /* Controller */,
			);
			path = Live;
			sourceTree = "<group>";
		};
		1C4F90F11F22162400B141E4 /* Main */ = {
			isa = PBXGroup;
			children = (
				1CD9EF781F22426E00DE901B /* Model */,
				1CD9EF791F22426E00DE901B /* View */,
				1CD9EF761F22426E00DE901B /* Controller */,
			);
			path = Main;
			sourceTree = "<group>";
		};
		1C4F90F21F22162400B141E4 /* Profile */ = {
			isa = PBXGroup;
			children = (
				1CD9EF721F223E9900DE901B /* Model */,
				1CD9EF731F223E9900DE901B /* View */,
				1CD9EF711F223E9900DE901B /* Controller */,
			);
			path = Profile;
			sourceTree = "<group>";
		};
		1C4F90F31F22162400B141E4 /* Tools */ = {
			isa = PBXGroup;
			children = (
				1CD9EF7F1F22495000DE901B /* UIBarButtonItem-Extexsion.swift */,
			);
			path = Tools;
			sourceTree = "<group>";
		};
		1CD9EF481F22357100DE901B /* Discovery */ = {
			isa = PBXGroup;
			children = (
				1CD9EF6F1F223E9300DE901B /* Model */,
				1CD9EF701F223E9300DE901B /* View */,
				1CD9EF6E1F223E9300DE901B /* Controller */,
			);
			path = Discovery;
			sourceTree = "<group>";
		};
		1CD9EF651F223E8100DE901B /* Controller */ = {
			isa = PBXGroup;
			children = (
				1CD9EF561F223BC800DE901B /* Home.storyboard */,
				1CD9EF7B1F2243BD00DE901B /* HomeViewController.swift */,
			);
			path = Controller;
			sourceTree = "<group>";
		};
		1CD9EF661F223E8100DE901B /* Model */ = {
			isa = PBXGroup;
			children = (
			);
			path = Model;
			sourceTree = "<group>";
		};
		1CD9EF671F223E8100DE901B /* View */ = {
			isa = PBXGroup;
			children = (
			);
			path = View;
			sourceTree = "<group>";
		};
		1CD9EF681F223E8800DE901B /* Controller */ = {
			isa = PBXGroup;
			children = (
				1CD9EF591F223BDB00DE901B /* Live.storyboard */,
			);
			path = Controller;
			sourceTree = "<group>";
		};
		1CD9EF691F223E8800DE901B /* Model */ = {
			isa = PBXGroup;
			children = (
			);
			path = Model;
			sourceTree = "<group>";
		};
		1CD9EF6A1F223E8800DE901B /* View */ = {
			isa = PBXGroup;
			children = (
			);
			path = View;
			sourceTree = "<group>";
		};
		1CD9EF6B1F223E8E00DE901B /* Controller */ = {
			isa = PBXGroup;
			children = (
				1CD9EF5C1F223C8200DE901B /* Follow.storyboard */,
			);
			path = Controller;
			sourceTree = "<group>";
		};
		1CD9EF6C1F223E8E00DE901B /* Model */ = {
			isa = PBXGroup;
			children = (
			);
			path = Model;
			sourceTree = "<group>";
		};
		1CD9EF6D1F223E8E00DE901B /* View */ = {
			isa = PBXGroup;
			children = (
			);
			path = View;
			sourceTree = "<group>";
		};
		1CD9EF6E1F223E9300DE901B /* Controller */ = {
			isa = PBXGroup;
			children = (
				1CD9EF5F1F223C9F00DE901B /* Discovery.storyboard */,
			);
			path = Controller;
			sourceTree = "<group>";
		};
		1CD9EF6F1F223E9300DE901B /* Model */ = {
			isa = PBXGroup;
			children = (
			);
			path = Model;
			sourceTree = "<group>";
		};
		1CD9EF701F223E9300DE901B /* View */ = {
			isa = PBXGroup;
			children = (
			);
			path = View;
			sourceTree = "<group>";
		};
		1CD9EF711F223E9900DE901B /* Controller */ = {
			isa = PBXGroup;
			children = (
				1CD9EF621F223CCA00DE901B /* Profile.storyboard */,
			);
			path = Controller;
			sourceTree = "<group>";
		};
		1CD9EF721F223E9900DE901B /* Model */ = {
			isa = PBXGroup;
			children = (
			);
			path = Model;
			sourceTree = "<group>";
		};
		1CD9EF731F223E9900DE901B /* View */ = {
			isa = PBXGroup;
			children = (
			);
			path = View;
			sourceTree = "<group>";
		};
		1CD9EF761F22426E00DE901B /* Controller */ = {
			isa = PBXGroup;
			children = (
				1C4F90DF1F2214BB00B141E4 /* Main.storyboard */,
				1CD9EF771F22426E00DE901B /* MainTabbarViewController.swift */,
			);
			path = Controller;
			sourceTree = "<group>";
		};
		1CD9EF781F22426E00DE901B /* Model */ = {
			isa = PBXGroup;
			children = (
			);
			path = Model;
			sourceTree = "<group>";
		};
		1CD9EF791F22426E00DE901B /* View */ = {
			isa = PBXGroup;
			children = (
			);
			path = View;
			sourceTree = "<group>";
		};
/* End PBXGroup section */

/* Begin PBXNativeTarget section */
		1C4F90D71F2214BB00B141E4 /* DouYuLive */ = {
			isa = PBXNativeTarget;
			buildConfigurationList = 1C4F90EA1F2214BB00B141E4 /* Build configuration list for PBXNativeTarget "DouYuLive" */;
			buildPhases = (
				1C4F90D41F2214BB00B141E4 /* Sources */,
				1C4F90D51F2214BB00B141E4 /* Frameworks */,
				1C4F90D61F2214BB00B141E4 /* Resources */,
			);
			buildRules = (
			);
			dependencies = (
			);
			name = DouYuLive;
			productName = DouYuLive;
			productReference = 1C4F90D81F2214BB00B141E4 /* DouYuLive.app */;
			productType = "com.apple.product-type.application";
		};
/* End PBXNativeTarget section */

/* Begin PBXProject section */
		1C4F90D01F2214BB00B141E4 /* Project object */ = {
			isa = PBXProject;
			attributes = {
				LastSwiftUpdateCheck = 0830;
				LastUpgradeCheck = 0830;
				ORGANIZATIONNAME = "LOVE.xiao&yu";
				TargetAttributes = {
					1C4F90D71F2214BB00B141E4 = {
						CreatedOnToolsVersion = 8.3.3;
						DevelopmentTeam = M3CBLH26PD;
						ProvisioningStyle = Automatic;
					};
				};
			};
			buildConfigurationList = 1C4F90D31F2214BB00B141E4 /* Build configuration list for PBXProject "DouYuLive" */;
			compatibilityVersion = "Xcode 3.2";
			developmentRegion = English;
			hasScannedForEncodings = 0;
			knownRegions = (
				en,
				Base,
			);
			mainGroup = 1C4F90CF1F2214BB00B141E4;
			productRefGroup = 1C4F90D91F2214BB00B141E4 /* Products */;
			projectDirPath = "";
			projectRoot = "";
			targets = (
				1C4F90D71F2214BB00B141E4 /* DouYuLive */,
			);
		};
/* End PBXProject section */

/* Begin PBXResourcesBuildPhase section */
		1C4F90D61F2214BB00B141E4 /* Resources */ = {
			isa = PBXResourcesBuildPhase;
			buildActionMask = 2147483647;
			files = (
				1CD9EF5E1F223C8200DE901B /* Follow.storyboard in Resources */,
				1CD9EF581F223BC800DE901B /* Home.storyboard in Resources */,
				1C4F90E31F2214BB00B141E4 /* Assets.xcassets in Resources */,
				1CD9EF5B1F223BDB00DE901B /* Live.storyboard in Resources */,
				1C4F90E11F2214BB00B141E4 /* Main.storyboard in Resources */,
				1CD9EF641F223CCA00DE901B /* Profile.storyboard in Resources */,
				1CD9EF611F223C9F00DE901B /* Discovery.storyboard in Resources */,
			);
			runOnlyForDeploymentPostprocessing = 0;
		};
/* End PBXResourcesBuildPhase section */

/* Begin PBXSourcesBuildPhase section */
		1C4F90D41F2214BB00B141E4 /* Sources */ = {
			isa = PBXSourcesBuildPhase;
			buildActionMask = 2147483647;
			files = (
				1CD9EF801F22495000DE901B /* UIBarButtonItem-Extexsion.swift in Sources */,
				1C4F90DC1F2214BB00B141E4 /* AppDelegate.swift in Sources */,
				1CD9EF7A1F22426E00DE901B /* MainTabbarViewController.swift in Sources */,
				1CD9EF7C1F2243BD00DE901B /* HomeViewController.swift in Sources */,
			);
			runOnlyForDeploymentPostprocessing = 0;
		};
/* End PBXSourcesBuildPhase section */

/* Begin PBXVariantGroup section */
		1C4F90DF1F2214BB00B141E4 /* Main.storyboard */ = {
			isa = PBXVariantGroup;
			children = (
				1C4F90E01F2214BB00B141E4 /* Base */,
			);
			name = Main.storyboard;
			path = ../../..;
			sourceTree = "<group>";
		};
		1CD9EF561F223BC800DE901B /* Home.storyboard */ = {
			isa = PBXVariantGroup;
			children = (
				1CD9EF571F223BC800DE901B /* Base */,
			);
			name = Home.storyboard;
			path = ../../Main;
			sourceTree = "<group>";
		};
		1CD9EF591F223BDB00DE901B /* Live.storyboard */ = {
			isa = PBXVariantGroup;
			children = (
				1CD9EF5A1F223BDB00DE901B /* Base */,
			);
			name = Live.storyboard;
			path = ../../Main;
			sourceTree = "<group>";
		};
		1CD9EF5C1F223C8200DE901B /* Follow.storyboard */ = {
			isa = PBXVariantGroup;
			children = (
				1CD9EF5D1F223C8200DE901B /* Base */,
			);
			name = Follow.storyboard;
			path = ../../Main;
			sourceTree = "<group>";
		};
		1CD9EF5F1F223C9F00DE901B /* Discovery.storyboard */ = {
			isa = PBXVariantGroup;
			children = (
				1CD9EF601F223C9F00DE901B /* Base */,
			);
			name = Discovery.storyboard;
			path = ../../Main;
			sourceTree = "<group>";
		};
		1CD9EF621F223CCA00DE901B /* Profile.storyboard */ = {
			isa = PBXVariantGroup;
			children = (
				1CD9EF631F223CCA00DE901B /* Base */,
			);
			name = Profile.storyboard;
			path = ../../Main;
			sourceTree = "<group>";
		};
/* End PBXVariantGroup section */

/* Begin XCBuildConfiguration section */
		1C4F90E81F2214BB00B141E4 /* Debug */ = {
			isa = XCBuildConfiguration;
			buildSettings = {
				ALWAYS_SEARCH_USER_PATHS = NO;
				CLANG_ANALYZER_NONNULL = YES;
				CLANG_ANALYZER_NUMBER_OBJECT_CONVERSION = YES_AGGRESSIVE;
				CLANG_CXX_LANGUAGE_STANDARD = "gnu++0x";
				CLANG_CXX_LIBRARY = "libc++";
				CLANG_ENABLE_MODULES = YES;
				CLANG_ENABLE_OBJC_ARC = YES;
				CLANG_WARN_BOOL_CONVERSION = YES;
				CLANG_WARN_CONSTANT_CONVERSION = YES;
				CLANG_WARN_DIRECT_OBJC_ISA_USAGE = YES_ERROR;
				CLANG_WARN_DOCUMENTATION_COMMENTS = YES;
				CLANG_WARN_EMPTY_BODY = YES;
				CLANG_WARN_ENUM_CONVERSION = YES;
				CLANG_WARN_INFINITE_RECURSION = YES;
				CLANG_WARN_INT_CONVERSION = YES;
				CLANG_WARN_OBJC_ROOT_CLASS = YES_ERROR;
				CLANG_WARN_SUSPICIOUS_MOVE = YES;
				CLANG_WARN_UNREACHABLE_CODE = YES;
				CLANG_WARN__DUPLICATE_METHOD_MATCH = YES;
				"CODE_SIGN_IDENTITY[sdk=iphoneos*]" = "iPhone Developer";
				COPY_PHASE_STRIP = NO;
				DEBUG_INFORMATION_FORMAT = dwarf;
				ENABLE_STRICT_OBJC_MSGSEND = YES;
				ENABLE_TESTABILITY = YES;
				GCC_C_LANGUAGE_STANDARD = gnu99;
				GCC_DYNAMIC_NO_PIC = NO;
				GCC_NO_COMMON_BLOCKS = YES;
				GCC_OPTIMIZATION_LEVEL = 0;
				GCC_PREPROCESSOR_DEFINITIONS = (
					"DEBUG=1",
					"$(inherited)",
				);
				GCC_WARN_64_TO_32_BIT_CONVERSION = YES;
				GCC_WARN_ABOUT_RETURN_TYPE = YES_ERROR;
				GCC_WARN_UNDECLARED_SELECTOR = YES;
				GCC_WARN_UNINITIALIZED_AUTOS = YES_AGGRESSIVE;
				GCC_WARN_UNUSED_FUNCTION = YES;
				GCC_WARN_UNUSED_VARIABLE = YES;
				IPHONEOS_DEPLOYMENT_TARGET = 10.3;
				MTL_ENABLE_DEBUG_INFO = YES;
				ONLY_ACTIVE_ARCH = YES;
				SDKROOT = iphoneos;
				SWIFT_ACTIVE_COMPILATION_CONDITIONS = DEBUG;
				SWIFT_OPTIMIZATION_LEVEL = "-Onone";
				TARGETED_DEVICE_FAMILY = "1,2";
			};
			name = Debug;
		};
		1C4F90E91F2214BB00B141E4 /* Release */ = {
			isa = XCBuildConfiguration;
			buildSettings = {
				ALWAYS_SEARCH_USER_PATHS = NO;
				CLANG_ANALYZER_NONNULL = YES;
				CLANG_ANALYZER_NUMBER_OBJECT_CONVERSION = YES_AGGRESSIVE;
				CLANG_CXX_LANGUAGE_STANDARD = "gnu++0x";
				CLANG_CXX_LIBRARY = "libc++";
				CLANG_ENABLE_MODULES = YES;
				CLANG_ENABLE_OBJC_ARC = YES;
				CLANG_WARN_BOOL_CONVERSION = YES;
				CLANG_WARN_CONSTANT_CONVERSION = YES;
				CLANG_WARN_DIRECT_OBJC_ISA_USAGE = YES_ERROR;
				CLANG_WARN_DOCUMENTATION_COMMENTS = YES;
				CLANG_WARN_EMPTY_BODY = YES;
				CLANG_WARN_ENUM_CONVERSION = YES;
				CLANG_WARN_INFINITE_RECURSION = YES;
				CLANG_WARN_INT_CONVERSION = YES;
				CLANG_WARN_OBJC_ROOT_CLASS = YES_ERROR;
				CLANG_WARN_SUSPICIOUS_MOVE = YES;
				CLANG_WARN_UNREACHABLE_CODE = YES;
				CLANG_WARN__DUPLICATE_METHOD_MATCH = YES;
				"CODE_SIGN_IDENTITY[sdk=iphoneos*]" = "iPhone Developer";
				COPY_PHASE_STRIP = NO;
				DEBUG_INFORMATION_FORMAT = "dwarf-with-dsym";
				ENABLE_NS_ASSERTIONS = NO;
				ENABLE_STRICT_OBJC_MSGSEND = YES;
				GCC_C_LANGUAGE_STANDARD = gnu99;
				GCC_NO_COMMON_BLOCKS = YES;
				GCC_WARN_64_TO_32_BIT_CONVERSION = YES;
				GCC_WARN_ABOUT_RETURN_TYPE = YES_ERROR;
				GCC_WARN_UNDECLARED_SELECTOR = YES;
				GCC_WARN_UNINITIALIZED_AUTOS = YES_AGGRESSIVE;
				GCC_WARN_UNUSED_FUNCTION = YES;
				GCC_WARN_UNUSED_VARIABLE = YES;
				IPHONEOS_DEPLOYMENT_TARGET = 10.3;
				MTL_ENABLE_DEBUG_INFO = NO;
				SDKROOT = iphoneos;
				SWIFT_OPTIMIZATION_LEVEL = "-Owholemodule";
				TARGETED_DEVICE_FAMILY = "1,2";
				VALIDATE_PRODUCT = YES;
			};
			name = Release;
		};
		1C4F90EB1F2214BB00B141E4 /* Debug */ = {
			isa = XCBuildConfiguration;
			buildSettings = {
				ASSETCATALOG_COMPILER_APPICON_NAME = AppIcon;
				ASSETCATALOG_COMPILER_LAUNCHIMAGE_NAME = LaunchImage;
				DEVELOPMENT_TEAM = M3CBLH26PD;
				INFOPLIST_FILE = DouYuLive/Info.plist;
				IPHONEOS_DEPLOYMENT_TARGET = 8.0;
				LD_RUNPATH_SEARCH_PATHS = "$(inherited) @executable_path/Frameworks";
				PRODUCT_BUNDLE_IDENTIFIER = com.Mr.xiao.DouYuLive;
				PRODUCT_NAME = "$(TARGET_NAME)";
				SWIFT_VERSION = 3.0;
			};
			name = Debug;
		};
		1C4F90EC1F2214BB00B141E4 /* Release */ = {
			isa = XCBuildConfiguration;
			buildSettings = {
				ASSETCATALOG_COMPILER_APPICON_NAME = AppIcon;
				ASSETCATALOG_COMPILER_LAUNCHIMAGE_NAME = LaunchImage;
				DEVELOPMENT_TEAM = M3CBLH26PD;
				INFOPLIST_FILE = DouYuLive/Info.plist;
				IPHONEOS_DEPLOYMENT_TARGET = 8.0;
				LD_RUNPATH_SEARCH_PATHS = "$(inherited) @executable_path/Frameworks";
				PRODUCT_BUNDLE_IDENTIFIER = com.Mr.xiao.DouYuLive;
				PRODUCT_NAME = "$(TARGET_NAME)";
				SWIFT_VERSION = 3.0;
			};
			name = Release;
		};
/* End XCBuildConfiguration section */

/* Begin XCConfigurationList section */
		1C4F90D31F2214BB00B141E4 /* Build configuration list for PBXProject "DouYuLive" */ = {
			isa = XCConfigurationList;
			buildConfigurations = (
				1C4F90E81F2214BB00B141E4 /* Debug */,
				1C4F90E91F2214BB00B141E4 /* Release */,
			);
			defaultConfigurationIsVisible = 0;
			defaultConfigurationName = Release;
		};
		1C4F90EA1F2214BB00B141E4 /* Build configuration list for PBXNativeTarget "DouYuLive" */ = {
			isa = XCConfigurationList;
			buildConfigurations = (
				1C4F90EB1F2214BB00B141E4 /* Debug */,
				1C4F90EC1F2214BB00B141E4 /* Release */,
			);
			defaultConfigurationIsVisible = 0;
			defaultConfigurationName = Release;
		};
/* End XCConfigurationList section */
	};
	rootObject = 1C4F90D01F2214BB00B141E4 /* Project object */;
}
